
Microsoft Visual Studio Solution File, Format Version 12.00
# Visual Studio Version 17
VisualStudioVersion = 17.13.35931.197 d17.13
MinimumVisualStudioVersion = 10.0.40219.1
Project("{54A90642-561A-4BB1-A94E-469ADEE60C69}") = "vnmonitoring.client", "vnmonitoring.client\vnmonitoring.client.esproj", "{81E33C5D-8825-FE27-6310-11F6F403BAC8}"
EndProject
Project("{FAE04EC0-301F-11D3-BF4B-00C04F79EFBC}") = "Vnmonitoring.Server", "Vnmonitoring.Server\Vnmonitoring.Server.csproj", "{BF073D37-83A9-4239-B514-7A4949EBD1CD}"
EndProject
Global
	GlobalSection(SolutionConfigurationPlatforms) = preSolution
		Debug|Any CPU = Debug|Any CPU
		Release|Any CPU = Release|Any CPU
	EndGlobalSection
	GlobalSection(ProjectConfigurationPlatforms) = postSolution
		{81E33C5D-8825-FE27-6310-11F6F403BAC8}.Debug|Any CPU.ActiveCfg = Debug|Any CPU
		{81E33C5D-8825-FE27-6310-11F6F403BAC8}.Debug|Any CPU.Build.0 = Debug|Any CPU
		{81E33C5D-8825-FE27-6310-11F6F403BAC8}.Debug|Any CPU.Deploy.0 = Debug|Any CPU
		{81E33C5D-8825-FE27-6310-11F6F403BAC8}.Release|Any CPU.ActiveCfg = Release|Any CPU
		{81E33C5D-8825-FE27-6310-11F6F403BAC8}.Release|Any CPU.Build.0 = Release|Any CPU
		{81E33C5D-8825-FE27-6310-11F6F403BAC8}.Release|Any CPU.Deploy.0 = Release|Any CPU
		{BF073D37-83A9-4239-B514-7A4949EBD1CD}.Debug|Any CPU.ActiveCfg = Debug|Any CPU
		{BF073D37-83A9-4239-B514-7A4949EBD1CD}.Debug|Any CPU.Build.0 = Debug|Any CPU
		{BF073D37-83A9-4239-B514-7A4949EBD1CD}.Release|Any CPU.ActiveCfg = Release|Any CPU
		{BF073D37-83A9-4239-B514-7A4949EBD1CD}.Release|Any CPU.Build.0 = Release|Any CPU
	EndGlobalSection
	GlobalSection(SolutionProperties) = preSolution
		HideSolutionNode = FALSE
	EndGlobalSection
	GlobalSection(ExtensibilityGlobals) = postSolution
		SolutionGuid = {579871B1-4CF7-4835-8715-B8D4495AA560}
	EndGlobalSection
EndGlobal
